// !$*UTF8*$!
{
	archiveVersion = 1;
	classes = {
	};
	objectVersion = 56;
	objects = {

/* Begin PBXBuildFile section */
		C802C2522B33506B004373AD /* AppDelegate.swift in Sources */ = {isa = PBXBuildFile; fileRef = C802C2512B33506B004373AD /* AppDelegate.swift */; };
		C802C2542B33506B004373AD /* SceneDelegate.swift in Sources */ = {isa = PBXBuildFile; fileRef = C802C2532B33506B004373AD /* SceneDelegate.swift */; };
		C802C2562B33506B004373AD /* ViewController.swift in Sources */ = {isa = PBXBuildFile; fileRef = C802C2552B33506B004373AD /* ViewController.swift */; };
		C802C2592B33506B004373AD /* Main.storyboard in Resources */ = {isa = PBXBuildFile; fileRef = C802C2572B33506B004373AD /* Main.storyboard */; };
		C802C25B2B33506D004373AD /* Assets.xcassets in Resources */ = {isa = PBXBuildFile; fileRef = C802C25A2B33506D004373AD /* Assets.xcassets */; };
		C802C25E2B33506D004373AD /* LaunchScreen.storyboard in Resources */ = {isa = PBXBuildFile; fileRef = C802C25C2B33506D004373AD /* LaunchScreen.storyboard */; };
		C802C2672B33508E004373AD /* SwiftSoup in Frameworks */ = {isa = PBXBuildFile; productRef = C802C2662B33508E004373AD /* SwiftSoup */; };
		C802C2692B3350A1004373AD /* HTMLParser.swift in Sources */ = {isa = PBXBuildFile; fileRef = C802C2682B3350A1004373AD /* HTMLParser.swift */; };
		C802C26C2B335D1F004373AD /* SwiftyJSON in Frameworks */ = {isa = PBXBuildFile; productRef = C802C26B2B335D1F004373AD /* SwiftyJSON */; };
		C8AA69A02C1431460093B87A /* GoogleImages.swift in Sources */ = {isa = PBXBuildFile; fileRef = C8AA699F2C1431460093B87A /* GoogleImages.swift */; };
/* End PBXBuildFile section */

/* Begin PBXFileReference section */
		C802C24E2B33506B004373AD /* TiksCrawler.app */ = {isa = PBXFileReference; explicitFileType = wrapper.application; includeInIndex = 0; path = TiksCrawler.app; sourceTree = BUILT_PRODUCTS_DIR; };
		C802C2512B33506B004373AD /* AppDelegate.swift */ = {isa = PBXFileReference; lastKnownFileType = sourcecode.swift; path = AppDelegate.swift; sourceTree = "<group>"; };
		C802C2532B33506B004373AD /* SceneDelegate.swift */ = {isa = PBXFileReference; lastKnownFileType = sourcecode.swift; path = SceneDelegate.swift; sourceTree = "<group>"; };
		C802C2552B33506B004373AD /* ViewController.swift */ = {isa = PBXFileReference; lastKnownFileType = sourcecode.swift; path = ViewController.swift; sourceTree = "<group>"; };
		C802C2582B33506B004373AD /* Base */ = {isa = PBXFileReference; lastKnownFileType = file.storyboard; name = Base; path = Base.lproj/Main.storyboard; sourceTree = "<group>"; };
		C802C25A2B33506D004373AD /* Assets.xcassets */ = {isa = PBXFileReference; lastKnownFileType = folder.assetcatalog; path = Assets.xcassets; sourceTree = "<group>"; };
		C802C25D2B33506D004373AD /* Base */ = {isa = PBXFileReference; lastKnownFileType = file.storyboard; name = Base; path = Base.lproj/LaunchScreen.storyboard; sourceTree = "<group>"; };
		C802C25F2B33506D004373AD /* Info.plist */ = {isa = PBXFileReference; lastKnownFileType = text.plist.xml; path = Info.plist; sourceTree = "<group>"; };
		C802C2682B3350A1004373AD /* HTMLParser.swift */ = {isa = PBXFileReference; lastKnownFileType = sourcecode.swift; path = HTMLParser.swift; sourceTree = "<group>"; };
		C8AA699F2C1431460093B87A /* GoogleImages.swift */ = {isa = PBXFileReference; lastKnownFileType = sourcecode.swift; path = GoogleImages.swift; sourceTree = "<group>"; };
/* End PBXFileReference section */

/* Begin PBXFrameworksBuildPhase section */
		C802C24B2B33506B004373AD /* Frameworks */ = {
			isa = PBXFrameworksBuildPhase;
			buildActionMask = 2147483647;
			files = (
				C802C26C2B335D1F004373AD /* SwiftyJSON in Frameworks */,
				C802C2672B33508E004373AD /* SwiftSoup in Frameworks */,
			);
			runOnlyForDeploymentPostprocessing = 0;
		};
/* End PBXFrameworksBuildPhase section */

/* Begin PBXGroup section */
		C802C2452B33506B004373AD = {
			isa = PBXGroup;
			children = (
				C802C2502B33506B004373AD /* TiksCrawler */,
				C802C24F2B33506B004373AD /* Products */,
			);
			sourceTree = "<group>";
		};
		C802C24F2B33506B004373AD /* Products */ = {
			isa = PBXGroup;
			children = (
				C802C24E2B33506B004373AD /* TiksCrawler.app */,
			);
			name = Products;
			sourceTree = "<group>";
		};
		C802C2502B33506B004373AD /* TiksCrawler */ = {
			isa = PBXGroup;
			children = (
				C802C2512B33506B004373AD /* AppDelegate.swift */,
				C802C2532B33506B004373AD /* SceneDelegate.swift */,
				C802C2552B33506B004373AD /* ViewController.swift */,
				C802C2572B33506B004373AD /* Main.storyboard */,
				C802C25A2B33506D004373AD /* Assets.xcassets */,
				C802C25C2B33506D004373AD /* LaunchScreen.storyboard */,
				C802C25F2B33506D004373AD /* Info.plist */,
				C802C2682B3350A1004373AD /* HTMLParser.swift */,
				C8AA699F2C1431460093B87A /* GoogleImages.swift */,
			);
			path = TiksCrawler;
			sourceTree = "<group>";
		};
/* End PBXGroup section */

/* Begin PBXNativeTarget section */
		C802C24D2B33506B004373AD /* TiksCrawler */ = {
			isa = PBXNativeTarget;
			buildConfigurationList = C802C2622B33506D004373AD /* Build configuration list for PBXNativeTarget "TiksCrawler" */;
			buildPhases = (
				C802C24A2B33506B004373AD /* Sources */,
				C802C24B2B33506B004373AD /* Frameworks */,
				C802C24C2B33506B004373AD /* Resources */,
			);
			buildRules = (
			);
			dependencies = (
			);
			name = TiksCrawler;
			packageProductDependencies = (
				C802C2662B33508E004373AD /* SwiftSoup */,
				C802C26B2B335D1F004373AD /* SwiftyJSON */,
			);
			productName = TiksCrawler;
			productReference = C802C24E2B33506B004373AD /* TiksCrawler.app */;
			productType = "com.apple.product-type.application";
		};
/* End PBXNativeTarget section */

/* Begin PBXProject section */
		C802C2462B33506B004373AD /* Project object */ = {
			isa = PBXProject;
			attributes = {
				BuildIndependentTargetsInParallel = 1;
				LastSwiftUpdateCheck = 1500;
				LastUpgradeCheck = 1500;
				TargetAttributes = {
					C802C24D2B33506B004373AD = {
						CreatedOnToolsVersion = 15.0.1;
					};
				};
			};
			buildConfigurationList = C802C2492B33506B004373AD /* Build configuration list for PBXProject "TiksCrawler" */;
			compatibilityVersion = "Xcode 14.0";
			developmentRegion = en;
			hasScannedForEncodings = 0;
			knownRegions = (
				en,
				Base,
			);
			mainGroup = C802C2452B33506B004373AD;
			packageReferences = (
				C802C2652B33508E004373AD /* XCRemoteSwiftPackageReference "SwiftSoup" */,
				C802C26A2B335D1F004373AD /* XCRemoteSwiftPackageReference "SwiftyJSON" */,
			);
			productRefGroup = C802C24F2B33506B004373AD /* Products */;
			projectDirPath = "";
			projectRoot = "";
			targets = (
				C802C24D2B33506B004373AD /* TiksCrawler */,
			);
		};
/* End PBXProject section */

/* Begin PBXResourcesBuildPhase section */
		C802C24C2B33506B004373AD /* Resources */ = {
			isa = PBXResourcesBuildPhase;
			buildActionMask = 2147483647;
			files = (
				C802C25E2B33506D004373AD /* LaunchScreen.storyboard in Resources */,
				C802C25B2B33506D004373AD /* Assets.xcassets in Resources */,
				C802C2592B33506B004373AD /* Main.storyboard in Resources */,
			);
			runOnlyForDeploymentPostprocessing = 0;
		};
/* End PBXResourcesBuildPhase section */

/* Begin PBXSourcesBuildPhase section */
		C802C24A2B33506B004373AD /* Sources */ = {
			isa = PBXSourcesBuildPhase;
			buildActionMask = 2147483647;
			files = (
				C802C2562B33506B004373AD /* ViewController.swift in Sources */,
				C802C2692B3350A1004373AD /* HTMLParser.swift in Sources */,
				C8AA69A02C1431460093B87A /* GoogleImages.swift in Sources */,
				C802C2522B33506B004373AD /* AppDelegate.swift in Sources */,
				C802C2542B33506B004373AD /* SceneDelegate.swift in Sources */,
			);
			runOnlyForDeploymentPostprocessing = 0;
		};
/* End PBXSourcesBuildPhase section */

/* Begin PBXVariantGroup section */
		C802C2572B33506B004373AD /* Main.storyboard */ = {
			isa = PBXVariantGroup;
			children = (
				C802C2582B33506B004373AD /* Base */,
			);
			name = Main.storyboard;
			sourceTree = "<group>";
		};
		C802C25C2B33506D004373AD /* LaunchScreen.storyboard */ = {
			isa = PBXVariantGroup;
			children = (
				C802C25D2B33506D004373AD /* Base */,
			);
			name = LaunchScreen.storyboard;
			sourceTree = "<group>";
		};
/* End PBXVariantGroup section */

/* Begin XCBuildConfiguration section */
		C802C2602B33506D004373AD /* Debug */ = {
			isa = XCBuildConfiguration;
			buildSettings = {
				ALWAYS_SEARCH_USER_PATHS = NO;
				ASSETCATALOG_COMPILER_GENERATE_SWIFT_ASSET_SYMBOL_EXTENSIONS = YES;
				CLANG_ANALYZER_NONNULL = YES;
				CLANG_ANALYZER_NUMBER_OBJECT_CONVERSION = YES_AGGRESSIVE;
				CLANG_CXX_LANGUAGE_STANDARD = "gnu++20";
				CLANG_ENABLE_MODULES = YES;
				CLANG_ENABLE_OBJC_ARC = YES;
				CLANG_ENABLE_OBJC_WEAK = YES;
				CLANG_WARN_BLOCK_CAPTURE_AUTORELEASING = YES;
				CLANG_WARN_BOOL_CONVERSION = YES;
				CLANG_WARN_COMMA = YES;
				CLANG_WARN_CONSTANT_CONVERSION = YES;
				CLANG_WARN_DEPRECATED_OBJC_IMPLEMENTATIONS = YES;
				CLANG_WARN_DIRECT_OBJC_ISA_USAGE = YES_ERROR;
				CLANG_WARN_DOCUMENTATION_COMMENTS = YES;
				CLANG_WARN_EMPTY_BODY = YES;
				CLANG_WARN_ENUM_CONVERSION = YES;
				CLANG_WARN_INFINITE_RECURSION = YES;
				CLANG_WARN_INT_CONVERSION = YES;
				CLANG_WARN_NON_LITERAL_NULL_CONVERSION = YES;
				CLANG_WARN_OBJC_IMPLICIT_RETAIN_SELF = YES;
				CLANG_WARN_OBJC_LITERAL_CONVERSION = YES;
				CLANG_WARN_OBJC_ROOT_CLASS = YES_ERROR;
				CLANG_WARN_QUOTED_INCLUDE_IN_FRAMEWORK_HEADER = YES;
				CLANG_WARN_RANGE_LOOP_ANALYSIS = YES;
				CLANG_WARN_STRICT_PROTOTYPES = YES;
				CLANG_WARN_SUSPICIOUS_MOVE = YES;
				CLANG_WARN_UNGUARDED_AVAILABILITY = YES_AGGRESSIVE;
				CLANG_WARN_UNREACHABLE_CODE = YES;
				CLANG_WARN__DUPLICATE_METHOD_MATCH = YES;
				COPY_PHASE_STRIP = NO;
				DEBUG_INFORMATION_FORMAT = dwarf;
				ENABLE_STRICT_OBJC_MSGSEND = YES;
				ENABLE_TESTABILITY = YES;
				ENABLE_USER_SCRIPT_SANDBOXING = YES;
				GCC_C_LANGUAGE_STANDARD = gnu17;
				GCC_DYNAMIC_NO_PIC = NO;
				GCC_NO_COMMON_BLOCKS = YES;
				GCC_OPTIMIZATION_LEVEL = 0;
				GCC_PREPROCESSOR_DEFINITIONS = (
					"DEBUG=1",
					"$(inherited)",
				);
				GCC_WARN_64_TO_32_BIT_CONVERSION = YES;
				GCC_WARN_ABOUT_RETURN_TYPE = YES_ERROR;
				GCC_WARN_UNDECLARED_SELECTOR = YES;
				GCC_WARN_UNINITIALIZED_AUTOS = YES_AGGRESSIVE;
				GCC_WARN_UNUSED_FUNCTION = YES;
				GCC_WARN_UNUSED_VARIABLE = YES;
				IPHONEOS_DEPLOYMENT_TARGET = 17.0;
				LOCALIZATION_PREFERS_STRING_CATALOGS = YES;
				MTL_ENABLE_DEBUG_INFO = INCLUDE_SOURCE;
				MTL_FAST_MATH = YES;
				ONLY_ACTIVE_ARCH = YES;
				SDKROOT = iphoneos;
				SWIFT_ACTIVE_COMPILATION_CONDITIONS = "DEBUG $(inherited)";
				SWIFT_OPTIMIZATION_LEVEL = "-Onone";
			};
			name = Debug;
		};
		C802C2612B33506D004373AD /* Release */ = {
			isa = XCBuildConfiguration;
			buildSettings = {
				ALWAYS_SEARCH_USER_PATHS = NO;
				ASSETCATALOG_COMPILER_GENERATE_SWIFT_ASSET_SYMBOL_EXTENSIONS = YES;
				CLANG_ANALYZER_NONNULL = YES;
				CLANG_ANALYZER_NUMBER_OBJECT_CONVERSION = YES_AGGRESSIVE;
				CLANG_CXX_LANGUAGE_STANDARD = "gnu++20";
				CLANG_ENABLE_MODULES = YES;
				CLANG_ENABLE_OBJC_ARC = YES;
				CLANG_ENABLE_OBJC_WEAK = YES;
				CLANG_WARN_BLOCK_CAPTURE_AUTORELEASING = YES;
				CLANG_WARN_BOOL_CONVERSION = YES;
				CLANG_WARN_COMMA = YES;
				CLANG_WARN_CONSTANT_CONVERSION = YES;
				CLANG_WARN_DEPRECATED_OBJC_IMPLEMENTATIONS = YES;
				CLANG_WARN_DIRECT_OBJC_ISA_USAGE = YES_ERROR;
				CLANG_WARN_DOCUMENTATION_COMMENTS = YES;
				CLANG_WARN_EMPTY_BODY = YES;
				CLANG_WARN_ENUM_CONVERSION = YES;
				CLANG_WARN_INFINITE_RECURSION = YES;
				CLANG_WARN_INT_CONVERSION = YES;
				CLANG_WARN_NON_LITERAL_NULL_CONVERSION = YES;
				CLANG_WARN_OBJC_IMPLICIT_RETAIN_SELF = YES;
				CLANG_WARN_OBJC_LITERAL_CONVERSION = YES;
				CLANG_WARN_OBJC_ROOT_CLASS = YES_ERROR;
				CLANG_WARN_QUOTED_INCLUDE_IN_FRAMEWORK_HEADER = YES;
				CLANG_WARN_RANGE_LOOP_ANALYSIS = YES;
				CLANG_WARN_STRICT_PROTOTYPES = YES;
				CLANG_WARN_SUSPICIOUS_MOVE = YES;
				CLANG_WARN_UNGUARDED_AVAILABILITY = YES_AGGRESSIVE;
				CLANG_WARN_UNREACHABLE_CODE = YES;
				CLANG_WARN__DUPLICATE_METHOD_MATCH = YES;
				COPY_PHASE_STRIP = NO;
				DEBUG_INFORMATION_FORMAT = "dwarf-with-dsym";
				ENABLE_NS_ASSERTIONS = NO;
				ENABLE_STRICT_OBJC_MSGSEND = YES;
				ENABLE_USER_SCRIPT_SANDBOXING = YES;
				GCC_C_LANGUAGE_STANDARD = gnu17;
				GCC_NO_COMMON_BLOCKS = YES;
				GCC_WARN_64_TO_32_BIT_CONVERSION = YES;
				GCC_WARN_ABOUT_RETURN_TYPE = YES_ERROR;
				GCC_WARN_UNDECLARED_SELECTOR = YES;
				GCC_WARN_UNINITIALIZED_AUTOS = YES_AGGRESSIVE;
				GCC_WARN_UNUSED_FUNCTION = YES;
				GCC_WARN_UNUSED_VARIABLE = YES;
				IPHONEOS_DEPLOYMENT_TARGET = 17.0;
				LOCALIZATION_PREFERS_STRING_CATALOGS = YES;
				MTL_ENABLE_DEBUG_INFO = NO;
				MTL_FAST_MATH = YES;
				SDKROOT = iphoneos;
				SWIFT_COMPILATION_MODE = wholemodule;
				VALIDATE_PRODUCT = YES;
			};
			name = Release;
		};
		C802C2632B33506D004373AD /* Debug */ = {
			isa = XCBuildConfiguration;
			buildSettings = {
				ASSETCATALOG_COMPILER_APPICON_NAME = AppIcon;
				ASSETCATALOG_COMPILER_GLOBAL_ACCENT_COLOR_NAME = AccentColor;
				CODE_SIGN_STYLE = Automatic;
				CURRENT_PROJECT_VERSION = 1;
				DEVELOPMENT_TEAM = 6F3SDXLVF2;
				GENERATE_INFOPLIST_FILE = YES;
				INFOPLIST_FILE = TiksCrawler/Info.plist;
				INFOPLIST_KEY_UIApplicationSupportsIndirectInputEvents = YES;
				INFOPLIST_KEY_UILaunchStoryboardName = LaunchScreen;
				INFOPLIST_KEY_UIMainStoryboardFile = Main;
				INFOPLIST_KEY_UISupportedInterfaceOrientations_iPad = "UIInterfaceOrientationPortrait UIInterfaceOrientationPortraitUpsideDown UIInterfaceOrientationLandscapeLeft UIInterfaceOrientationLandscapeRight";
				INFOPLIST_KEY_UISupportedInterfaceOrientations_iPhone = "UIInterfaceOrientationPortrait UIInterfaceOrientationLandscapeLeft UIInterfaceOrientationLandscapeRight";
				LD_RUNPATH_SEARCH_PATHS = (
					"$(inherited)",
					"@executable_path/Frameworks",
				);
				MARKETING_VERSION = 1.0;
				PRODUCT_BUNDLE_IDENTIFIER = com.gitlab.ntduong10698.TiksCrawler;
				PRODUCT_NAME = "$(TARGET_NAME)";
				SWIFT_EMIT_LOC_STRINGS = YES;
				SWIFT_VERSION = 5.0;
				TARGETED_DEVICE_FAMILY = "1,2";
			};
			name = Debug;
		};
		C802C2642B33506D004373AD /* Release */ = {
			isa = XCBuildConfiguration;
			buildSettings = {
				ASSETCATALOG_COMPILER_APPICON_NAME = AppIcon;
				ASSETCATALOG_COMPILER_GLOBAL_ACCENT_COLOR_NAME = AccentColor;
				CODE_SIGN_STYLE = Automatic;
				CURRENT_PROJECT_VERSION = 1;
				DEVELOPMENT_TEAM = 6F3SDXLVF2;
				GENERATE_INFOPLIST_FILE = YES;
				INFOPLIST_FILE = TiksCrawler/Info.plist;
				INFOPLIST_KEY_UIApplicationSupportsIndirectInputEvents = YES;
				INFOPLIST_KEY_UILaunchStoryboardName = LaunchScreen;
				INFOPLIST_KEY_UIMainStoryboardFile = Main;
				INFOPLIST_KEY_UISupportedInterfaceOrientations_iPad = "UIInterfaceOrientationPortrait UIInterfaceOrientationPortraitUpsideDown UIInterfaceOrientationLandscapeLeft UIInterfaceOrientationLandscapeRight";
				INFOPLIST_KEY_UISupportedInterfaceOrientations_iPhone = "UIInterfaceOrientationPortrait UIInterfaceOrientationLandscapeLeft UIInterfaceOrientationLandscapeRight";
				LD_RUNPATH_SEARCH_PATHS = (
					"$(inherited)",
					"@executable_path/Frameworks",
				);
				MARKETING_VERSION = 1.0;
				PRODUCT_BUNDLE_IDENTIFIER = com.gitlab.ntduong10698.TiksCrawler;
				PRODUCT_NAME = "$(TARGET_NAME)";
				SWIFT_EMIT_LOC_STRINGS = YES;
				SWIFT_VERSION = 5.0;
				TARGETED_DEVICE_FAMILY = "1,2";
			};
			name = Release;
		};
/* End XCBuildConfiguration section */

/* Begin XCConfigurationList section */
		C802C2492B33506B004373AD /* Build configuration list for PBXProject "TiksCrawler" */ = {
			isa = XCConfigurationList;
			buildConfigurations = (
				C802C2602B33506D004373AD /* Debug */,
				C802C2612B33506D004373AD /* Release */,
			);
			defaultConfigurationIsVisible = 0;
			defaultConfigurationName = Release;
		};
		C802C2622B33506D004373AD /* Build configuration list for PBXNativeTarget "TiksCrawler" */ = {
			isa = XCConfigurationList;
			buildConfigurations = (
				C802C2632B33506D004373AD /* Debug */,
				C802C2642B33506D004373AD /* Release */,
			);
			defaultConfigurationIsVisible = 0;
			defaultConfigurationName = Release;
		};
/* End XCConfigurationList section */

/* Begin XCRemoteSwiftPackageReference section */
		C802C2652B33508E004373AD /* XCRemoteSwiftPackageReference "SwiftSoup" */ = {
			isa = XCRemoteSwiftPackageReference;
			repositoryURL = "https://github.com/scinfu/SwiftSoup";
			requirement = {
				kind = upToNextMajorVersion;
				minimumVersion = 2.6.1;
			};
		};
		C802C26A2B335D1F004373AD /* XCRemoteSwiftPackageReference "SwiftyJSON" */ = {
			isa = XCRemoteSwiftPackageReference;
			repositoryURL = "https://github.com/SwiftyJSON/SwiftyJSON";
			requirement = {
				kind = upToNextMajorVersion;
				minimumVersion = 5.0.1;
			};
		};
/* End XCRemoteSwiftPackageReference section */

/* Begin XCSwiftPackageProductDependency section */
		C802C2662B33508E004373AD /* SwiftSoup */ = {
			isa = XCSwiftPackageProductDependency;
			package = C802C2652B33508E004373AD /* XCRemoteSwiftPackageReference "SwiftSoup" */;
			productName = SwiftSoup;
		};
		C802C26B2B335D1F004373AD /* SwiftyJSON */ = {
			isa = XCSwiftPackageProductDependency;
			package = C802C26A2B335D1F004373AD /* XCRemoteSwiftPackageReference "SwiftyJSON" */;
			productName = SwiftyJSON;
		};
/* End XCSwiftPackageProductDependency section */
	};
	rootObject = C802C2462B33506B004373AD /* Project object */;
}
